
Microsoft Visual Studio Solution File, Format Version 12.00
# Visual Studio Version 17
VisualStudioVersion = 17.8.34511.84
MinimumVisualStudioVersion = 10.0.40219.1
Project("{2150E333-8FDC-42A3-9474-1A3956D46DE8}") = "Services", "Services", "{28A6065A-7EC0-472F-BAD2-27CC358ACFA7}"
EndProject
Project("{2150E333-8FDC-42A3-9474-1A3956D46DE8}") = "Catalog", "Catalog", "{8507758A-BF00-42DE-811C-14FBB17C24D0}"
EndProject
Project("{9A19103F-16F7-4668-BE54-9A1E7A4F7556}") = "MultiShop.Catalog", "Services\Catalog\MultiShop.Catalog\MultiShop.Catalog.csproj", "{298D09C0-8F11-430D-918C-DC1F1474DB28}"
EndProject
Project("{2150E333-8FDC-42A3-9474-1A3956D46DE8}") = "Discount", "Discount", "{C74C01AD-94C3-4147-9917-7E9A3F7EE352}"
EndProject
Project("{9A19103F-16F7-4668-BE54-9A1E7A4F7556}") = "MultiShop.Discount", "Services\Discount\MultiShop.Discount\MultiShop.Discount.csproj", "{1BD72728-3B39-40E1-93F1-D7076C4EEA9B}"
EndProject
Project("{2150E333-8FDC-42A3-9474-1A3956D46DE8}") = "Order", "Order", "{CE2C88AD-D6DD-4807-8528-14DD1B06DD16}"
EndProject
Project("{2150E333-8FDC-42A3-9474-1A3956D46DE8}") = "Core", "Core", "{2E153456-A415-4CDD-BEE1-86172968E0B7}"
EndProject
Project("{2150E333-8FDC-42A3-9474-1A3956D46DE8}") = "Infrastructure", "Infrastructure", "{A6E00F30-288C-4473-B613-ECFED9A6546F}"
EndProject
Project("{2150E333-8FDC-42A3-9474-1A3956D46DE8}") = "Presentation", "Presentation", "{E3C534BB-A681-4B86-9E20-19CBAA28634D}"
EndProject
Project("{9A19103F-16F7-4668-BE54-9A1E7A4F7556}") = "MultiShop.Application", "Services\Order\Core\MultiShop.Application\MultiShop.Application.csproj", "{55041FFE-5E02-411E-B6AE-96C88E1D1A97}"
EndProject
Project("{9A19103F-16F7-4668-BE54-9A1E7A4F7556}") = "MultiShop.Domain", "Services\Order\Core\MultiShop.Domain\MultiShop.Domain.csproj", "{72274F86-088B-4BCE-8409-2E381072F418}"
EndProject
Project("{9A19103F-16F7-4668-BE54-9A1E7A4F7556}") = "MultiShop.WebAPI", "Services\Order\Presentation\MultiShop.WebAPI\MultiShop.WebAPI.csproj", "{20E2C713-A06B-4B5F-8DB7-CD60A153CC4C}"
EndProject
Project("{9A19103F-16F7-4668-BE54-9A1E7A4F7556}") = "MultiShop.Persistance", "Services\Order\Infrastructure\MultiShop.Persistance\MultiShop.Persistance.csproj", "{BB080FA0-B25C-4236-AF1C-7E5BC31CAEC2}"
EndProject
Project("{2150E333-8FDC-42A3-9474-1A3956D46DE8}") = "IdentityServer", "IdentityServer", "{1EEEC9F9-0D54-4C30-BBD0-AEF3A5F34CA3}"
EndProject
Project("{9A19103F-16F7-4668-BE54-9A1E7A4F7556}") = "MultiShop.IdentityServer", "IdentityServer\MultiShop.IdentityServer\MultiShop.IdentityServer.csproj", "{AE2D34DD-B5C1-4DF8-8A36-9B3E744FC308}"
EndProject
Project("{2150E333-8FDC-42A3-9474-1A3956D46DE8}") = "Requirements", "Requirements", "{00FE9142-E71A-413E-8CA7-08C816AB09B5}"
	ProjectSection(SolutionItems) = preProject
		IdentityServerVersionErrorSolution.txt = IdentityServerVersionErrorSolution.txt
		login.txt = login.txt
		OcelotCodeExample.txt = OcelotCodeExample.txt
		PortainerCmd.txt = PortainerCmd.txt
		PortNumbers.txt = PortNumbers.txt
	EndProjectSection
EndProject
Project("{2150E333-8FDC-42A3-9474-1A3956D46DE8}") = "Cargo", "Cargo", "{430CE2EC-8807-4A56-8E26-DD67B5CBA406}"
EndProject
Project("{9A19103F-16F7-4668-BE54-9A1E7A4F7556}") = "MultiShop.Cargo.BusinessLayer", "Services\Cargo\MultiShop.Cargo.BusinessLayer\MultiShop.Cargo.BusinessLayer.csproj", "{0011E27E-8319-411C-B729-31413F8B5898}"
EndProject
Project("{9A19103F-16F7-4668-BE54-9A1E7A4F7556}") = "MultiShop.Cargo.DataAccessLayer", "Services\Cargo\MultiShop.Cargo.DataAccessLayer\MultiShop.Cargo.DataAccessLayer.csproj", "{B6744293-21CE-4BEA-AF21-9520DCDBC712}"
EndProject
Project("{9A19103F-16F7-4668-BE54-9A1E7A4F7556}") = "MultiShop.Cargo.EntityLayer", "Services\Cargo\MultiShop.Cargo.EntityLayer\MultiShop.Cargo.EntityLayer.csproj", "{F2E9B253-E802-475D-BE60-724EA9894D69}"
EndProject
Project("{9A19103F-16F7-4668-BE54-9A1E7A4F7556}") = "MultiShop.Cargo.DtoLayer", "Services\Cargo\MultiShop.Cargo.DtoLayer\MultiShop.Cargo.DtoLayer.csproj", "{3AE0F9B5-98E5-49C4-BD03-C460D49973F1}"
EndProject
Project("{9A19103F-16F7-4668-BE54-9A1E7A4F7556}") = "MultiShop.Cargo.WebAPI", "Services\Cargo\MultiShop.Cargo.WebAPI\MultiShop.Cargo.WebAPI.csproj", "{42B10174-9169-4A35-9DA6-8D22E8E8209E}"
EndProject
Project("{2150E333-8FDC-42A3-9474-1A3956D46DE8}") = "Basket", "Basket", "{1FA86F49-D4CA-4156-B8EE-EF671B3E4962}"
EndProject
Project("{9A19103F-16F7-4668-BE54-9A1E7A4F7556}") = "MultiShop.Basket", "Services\Basket\MultiShop.Basket\MultiShop.Basket.csproj", "{53E3638D-AE2F-4999-9C93-3395AD0DCCC7}"
EndProject
Project("{2150E333-8FDC-42A3-9474-1A3956D46DE8}") = "Frontends", "Frontends", "{482946FC-8E1D-4FE4-AAA9-75718B8A8506}"
EndProject
Project("{9A19103F-16F7-4668-BE54-9A1E7A4F7556}") = "MultiShop.WebUI", "Frontends\MultiShop.WebUI\MultiShop.WebUI.csproj", "{9055CE26-5C8A-405F-A198-E88F5ABB1B9D}"
EndProject
Project("{9A19103F-16F7-4668-BE54-9A1E7A4F7556}") = "MultiShop.DtoLayer", "Frontends\MultiShop.DtoLayer\MultiShop.DtoLayer.csproj", "{25F6C740-E912-47EA-BECE-B3271DB57FBB}"
EndProject
Project("{2150E333-8FDC-42A3-9474-1A3956D46DE8}") = "Comment", "Comment", "{11E815C9-CED4-4F73-897F-71FA840CD231}"
EndProject
Project("{9A19103F-16F7-4668-BE54-9A1E7A4F7556}") = "MultiShop.Comment", "Services\Comment\MultiShop.Comment\MultiShop.Comment.csproj", "{8D3DAECA-992E-40C6-B0D5-08A11A7EFFF7}"
EndProject
Project("{2150E333-8FDC-42A3-9474-1A3956D46DE8}") = "ApiGateway", "ApiGateway", "{91D8D9A2-3C8C-4F43-B92C-9598D5CBA4B8}"
EndProject
Project("{2150E333-8FDC-42A3-9474-1A3956D46DE8}") = "RapidApi", "RapidApi", "{69D7FAB0-DA6F-4E36-8F7B-606C798C798B}"
EndProject
Project("{9A19103F-16F7-4668-BE54-9A1E7A4F7556}") = "MultiShop.OcelotGateway", "ApiGateway\MultiShop.OcelotGateway\MultiShop.OcelotGateway.csproj", "{0A2DF13F-2180-48B6-9BE5-167B15AAC33A}"
EndProject
Project("{2150E333-8FDC-42A3-9474-1A3956D46DE8}") = "Payment", "Payment", "{D18429B5-479D-40EC-B5F1-85B27BA8DB53}"
EndProject
Project("{9A19103F-16F7-4668-BE54-9A1E7A4F7556}") = "MultiShop.Payment", "Services\Payment\MultiShop.Payment\MultiShop.Payment.csproj", "{5248DE8F-280A-4D39-A003-74D9CC0C6D30}"
EndProject
Project("{2150E333-8FDC-42A3-9474-1A3956D46DE8}") = "Images", "Images", "{23ECB3B0-1F40-453C-BF7C-5DAF2345236E}"
EndProject
Project("{9A19103F-16F7-4668-BE54-9A1E7A4F7556}") = "MultiShop.Images", "Services\Images\MultiShop.Images\MultiShop.Images.csproj", "{41949142-ED6F-4E82-8A91-367A75CB8D26}"
EndProject
Project("{2150E333-8FDC-42A3-9474-1A3956D46DE8}") = "Message", "Message", "{A42D83A8-7D9A-4478-B75E-EDDA0731F640}"
EndProject
Project("{9A19103F-16F7-4668-BE54-9A1E7A4F7556}") = "MultiShop.Message", "Services\Message\MultiShop.Message\MultiShop.Message.csproj", "{381ECEBD-510D-40E7-8F82-27DB75B8FDF4}"
EndProject
Project("{2150E333-8FDC-42A3-9474-1A3956D46DE8}") = "SignalR", "SignalR", "{3E6B6C5F-B4FA-47B3-A875-90558FE3BCF9}"
EndProject
Project("{9A19103F-16F7-4668-BE54-9A1E7A4F7556}") = "MultiShop.SignalR", "Services\SignalR\MultiShop.SignalR\MultiShop.SignalR.csproj", "{92C38ACE-2B52-40AD-B3BD-75D802280139}"
EndProject
Project("{FAE04EC0-301F-11D3-BF4B-00C04F79EFBC}") = "MultiShop.Images.WebApp", "Services\mages\MultiShop.Images.WebApp\MultiShop.Images.WebApp.csproj", "{E47C5A88-4E24-4769-9D3F-17BAFED830FE}"
EndProject
Global
	GlobalSection(SolutionConfigurationPlatforms) = preSolution
		Debug|Any CPU = Debug|Any CPU
		Release|Any CPU = Release|Any CPU
	EndGlobalSection
	GlobalSection(ProjectConfigurationPlatforms) = postSolution
		{298D09C0-8F11-430D-918C-DC1F1474DB28}.Debug|Any CPU.ActiveCfg = Debug|Any CPU
		{298D09C0-8F11-430D-918C-DC1F1474DB28}.Debug|Any CPU.Build.0 = Debug|Any CPU
		{298D09C0-8F11-430D-918C-DC1F1474DB28}.Release|Any CPU.ActiveCfg = Release|Any CPU
		{298D09C0-8F11-430D-918C-DC1F1474DB28}.Release|Any CPU.Build.0 = Release|Any CPU
		{1BD72728-3B39-40E1-93F1-D7076C4EEA9B}.Debug|Any CPU.ActiveCfg = Debug|Any CPU
		{1BD72728-3B39-40E1-93F1-D7076C4EEA9B}.Debug|Any CPU.Build.0 = Debug|Any CPU
		{1BD72728-3B39-40E1-93F1-D7076C4EEA9B}.Release|Any CPU.ActiveCfg = Release|Any CPU
		{1BD72728-3B39-40E1-93F1-D7076C4EEA9B}.Release|Any CPU.Build.0 = Release|Any CPU
		{55041FFE-5E02-411E-B6AE-96C88E1D1A97}.Debug|Any CPU.ActiveCfg = Debug|Any CPU
		{55041FFE-5E02-411E-B6AE-96C88E1D1A97}.Debug|Any CPU.Build.0 = Debug|Any CPU
		{55041FFE-5E02-411E-B6AE-96C88E1D1A97}.Release|Any CPU.ActiveCfg = Release|Any CPU
		{55041FFE-5E02-411E-B6AE-96C88E1D1A97}.Release|Any CPU.Build.0 = Release|Any CPU
		{72274F86-088B-4BCE-8409-2E381072F418}.Debug|Any CPU.ActiveCfg = Debug|Any CPU
		{72274F86-088B-4BCE-8409-2E381072F418}.Debug|Any CPU.Build.0 = Debug|Any CPU
		{72274F86-088B-4BCE-8409-2E381072F418}.Release|Any CPU.ActiveCfg = Release|Any CPU
		{72274F86-088B-4BCE-8409-2E381072F418}.Release|Any CPU.Build.0 = Release|Any CPU
		{20E2C713-A06B-4B5F-8DB7-CD60A153CC4C}.Debug|Any CPU.ActiveCfg = Debug|Any CPU
		{20E2C713-A06B-4B5F-8DB7-CD60A153CC4C}.Debug|Any CPU.Build.0 = Debug|Any CPU
		{20E2C713-A06B-4B5F-8DB7-CD60A153CC4C}.Release|Any CPU.ActiveCfg = Release|Any CPU
		{20E2C713-A06B-4B5F-8DB7-CD60A153CC4C}.Release|Any CPU.Build.0 = Release|Any CPU
		{BB080FA0-B25C-4236-AF1C-7E5BC31CAEC2}.Debug|Any CPU.ActiveCfg = Debug|Any CPU
		{BB080FA0-B25C-4236-AF1C-7E5BC31CAEC2}.Debug|Any CPU.Build.0 = Debug|Any CPU
		{BB080FA0-B25C-4236-AF1C-7E5BC31CAEC2}.Release|Any CPU.ActiveCfg = Release|Any CPU
		{BB080FA0-B25C-4236-AF1C-7E5BC31CAEC2}.Release|Any CPU.Build.0 = Release|Any CPU
		{AE2D34DD-B5C1-4DF8-8A36-9B3E744FC308}.Debug|Any CPU.ActiveCfg = Debug|Any CPU
		{AE2D34DD-B5C1-4DF8-8A36-9B3E744FC308}.Debug|Any CPU.Build.0 = Debug|Any CPU
		{AE2D34DD-B5C1-4DF8-8A36-9B3E744FC308}.Release|Any CPU.ActiveCfg = Release|Any CPU
		{AE2D34DD-B5C1-4DF8-8A36-9B3E744FC308}.Release|Any CPU.Build.0 = Release|Any CPU
		{0011E27E-8319-411C-B729-31413F8B5898}.Debug|Any CPU.ActiveCfg = Debug|Any CPU
		{0011E27E-8319-411C-B729-31413F8B5898}.Debug|Any CPU.Build.0 = Debug|Any CPU
		{0011E27E-8319-411C-B729-31413F8B5898}.Release|Any CPU.ActiveCfg = Release|Any CPU
		{0011E27E-8319-411C-B729-31413F8B5898}.Release|Any CPU.Build.0 = Release|Any CPU
		{B6744293-21CE-4BEA-AF21-9520DCDBC712}.Debug|Any CPU.ActiveCfg = Debug|Any CPU
		{B6744293-21CE-4BEA-AF21-9520DCDBC712}.Debug|Any CPU.Build.0 = Debug|Any CPU
		{B6744293-21CE-4BEA-AF21-9520DCDBC712}.Release|Any CPU.ActiveCfg = Release|Any CPU
		{B6744293-21CE-4BEA-AF21-9520DCDBC712}.Release|Any CPU.Build.0 = Release|Any CPU
		{F2E9B253-E802-475D-BE60-724EA9894D69}.Debug|Any CPU.ActiveCfg = Debug|Any CPU
		{F2E9B253-E802-475D-BE60-724EA9894D69}.Debug|Any CPU.Build.0 = Debug|Any CPU
		{F2E9B253-E802-475D-BE60-724EA9894D69}.Release|Any CPU.ActiveCfg = Release|Any CPU
		{F2E9B253-E802-475D-BE60-724EA9894D69}.Release|Any CPU.Build.0 = Release|Any CPU
		{3AE0F9B5-98E5-49C4-BD03-C460D49973F1}.Debug|Any CPU.ActiveCfg = Debug|Any CPU
		{3AE0F9B5-98E5-49C4-BD03-C460D49973F1}.Debug|Any CPU.Build.0 = Debug|Any CPU
		{3AE0F9B5-98E5-49C4-BD03-C460D49973F1}.Release|Any CPU.ActiveCfg = Release|Any CPU
		{3AE0F9B5-98E5-49C4-BD03-C460D49973F1}.Release|Any CPU.Build.0 = Release|Any CPU
		{42B10174-9169-4A35-9DA6-8D22E8E8209E}.Debug|Any CPU.ActiveCfg = Debug|Any CPU
		{42B10174-9169-4A35-9DA6-8D22E8E8209E}.Debug|Any CPU.Build.0 = Debug|Any CPU
		{42B10174-9169-4A35-9DA6-8D22E8E8209E}.Release|Any CPU.ActiveCfg = Release|Any CPU
		{42B10174-9169-4A35-9DA6-8D22E8E8209E}.Release|Any CPU.Build.0 = Release|Any CPU
		{53E3638D-AE2F-4999-9C93-3395AD0DCCC7}.Debug|Any CPU.ActiveCfg = Debug|Any CPU
		{53E3638D-AE2F-4999-9C93-3395AD0DCCC7}.Debug|Any CPU.Build.0 = Debug|Any CPU
		{53E3638D-AE2F-4999-9C93-3395AD0DCCC7}.Release|Any CPU.ActiveCfg = Release|Any CPU
		{53E3638D-AE2F-4999-9C93-3395AD0DCCC7}.Release|Any CPU.Build.0 = Release|Any CPU
		{9055CE26-5C8A-405F-A198-E88F5ABB1B9D}.Debug|Any CPU.ActiveCfg = Debug|Any CPU
		{9055CE26-5C8A-405F-A198-E88F5ABB1B9D}.Debug|Any CPU.Build.0 = Debug|Any CPU
		{9055CE26-5C8A-405F-A198-E88F5ABB1B9D}.Release|Any CPU.ActiveCfg = Release|Any CPU
		{9055CE26-5C8A-405F-A198-E88F5ABB1B9D}.Release|Any CPU.Build.0 = Release|Any CPU
		{25F6C740-E912-47EA-BECE-B3271DB57FBB}.Debug|Any CPU.ActiveCfg = Debug|Any CPU
		{25F6C740-E912-47EA-BECE-B3271DB57FBB}.Debug|Any CPU.Build.0 = Debug|Any CPU
		{25F6C740-E912-47EA-BECE-B3271DB57FBB}.Release|Any CPU.ActiveCfg = Release|Any CPU
		{25F6C740-E912-47EA-BECE-B3271DB57FBB}.Release|Any CPU.Build.0 = Release|Any CPU
		{8D3DAECA-992E-40C6-B0D5-08A11A7EFFF7}.Debug|Any CPU.ActiveCfg = Debug|Any CPU
		{8D3DAECA-992E-40C6-B0D5-08A11A7EFFF7}.Debug|Any CPU.Build.0 = Debug|Any CPU
		{8D3DAECA-992E-40C6-B0D5-08A11A7EFFF7}.Release|Any CPU.ActiveCfg = Release|Any CPU
		{8D3DAECA-992E-40C6-B0D5-08A11A7EFFF7}.Release|Any CPU.Build.0 = Release|Any CPU
		{0A2DF13F-2180-48B6-9BE5-167B15AAC33A}.Debug|Any CPU.ActiveCfg = Debug|Any CPU
		{0A2DF13F-2180-48B6-9BE5-167B15AAC33A}.Debug|Any CPU.Build.0 = Debug|Any CPU
		{0A2DF13F-2180-48B6-9BE5-167B15AAC33A}.Release|Any CPU.ActiveCfg = Release|Any CPU
		{0A2DF13F-2180-48B6-9BE5-167B15AAC33A}.Release|Any CPU.Build.0 = Release|Any CPU
		{5248DE8F-280A-4D39-A003-74D9CC0C6D30}.Debug|Any CPU.ActiveCfg = Debug|Any CPU
		{5248DE8F-280A-4D39-A003-74D9CC0C6D30}.Debug|Any CPU.Build.0 = Debug|Any CPU
		{5248DE8F-280A-4D39-A003-74D9CC0C6D30}.Release|Any CPU.ActiveCfg = Release|Any CPU
		{5248DE8F-280A-4D39-A003-74D9CC0C6D30}.Release|Any CPU.Build.0 = Release|Any CPU
		{41949142-ED6F-4E82-8A91-367A75CB8D26}.Debug|Any CPU.ActiveCfg = Debug|Any CPU
		{41949142-ED6F-4E82-8A91-367A75CB8D26}.Debug|Any CPU.Build.0 = Debug|Any CPU
		{41949142-ED6F-4E82-8A91-367A75CB8D26}.Release|Any CPU.ActiveCfg = Release|Any CPU
		{41949142-ED6F-4E82-8A91-367A75CB8D26}.Release|Any CPU.Build.0 = Release|Any CPU
		{381ECEBD-510D-40E7-8F82-27DB75B8FDF4}.Debug|Any CPU.ActiveCfg = Debug|Any CPU
		{381ECEBD-510D-40E7-8F82-27DB75B8FDF4}.Debug|Any CPU.Build.0 = Debug|Any CPU
		{381ECEBD-510D-40E7-8F82-27DB75B8FDF4}.Release|Any CPU.ActiveCfg = Release|Any CPU
		{381ECEBD-510D-40E7-8F82-27DB75B8FDF4}.Release|Any CPU.Build.0 = Release|Any CPU
		{92C38ACE-2B52-40AD-B3BD-75D802280139}.Debug|Any CPU.ActiveCfg = Debug|Any CPU
		{92C38ACE-2B52-40AD-B3BD-75D802280139}.Debug|Any CPU.Build.0 = Debug|Any CPU
		{92C38ACE-2B52-40AD-B3BD-75D802280139}.Release|Any CPU.ActiveCfg = Release|Any CPU
		{92C38ACE-2B52-40AD-B3BD-75D802280139}.Release|Any CPU.Build.0 = Release|Any CPU
		{E47C5A88-4E24-4769-9D3F-17BAFED830FE}.Debug|Any CPU.ActiveCfg = Debug|Any CPU
		{E47C5A88-4E24-4769-9D3F-17BAFED830FE}.Debug|Any CPU.Build.0 = Debug|Any CPU
		{E47C5A88-4E24-4769-9D3F-17BAFED830FE}.Release|Any CPU.ActiveCfg = Release|Any CPU
		{E47C5A88-4E24-4769-9D3F-17BAFED830FE}.Release|Any CPU.Build.0 = Release|Any CPU
	EndGlobalSection
	GlobalSection(SolutionProperties) = preSolution
		HideSolutionNode = FALSE
	EndGlobalSection
	GlobalSection(NestedProjects) = preSolution
		{8507758A-BF00-42DE-811C-14FBB17C24D0} = {28A6065A-7EC0-472F-BAD2-27CC358ACFA7}
		{298D09C0-8F11-430D-918C-DC1F1474DB28} = {8507758A-BF00-42DE-811C-14FBB17C24D0}
		{C74C01AD-94C3-4147-9917-7E9A3F7EE352} = {28A6065A-7EC0-472F-BAD2-27CC358ACFA7}
		{1BD72728-3B39-40E1-93F1-D7076C4EEA9B} = {C74C01AD-94C3-4147-9917-7E9A3F7EE352}
		{CE2C88AD-D6DD-4807-8528-14DD1B06DD16} = {28A6065A-7EC0-472F-BAD2-27CC358ACFA7}
		{2E153456-A415-4CDD-BEE1-86172968E0B7} = {CE2C88AD-D6DD-4807-8528-14DD1B06DD16}
		{A6E00F30-288C-4473-B613-ECFED9A6546F} = {CE2C88AD-D6DD-4807-8528-14DD1B06DD16}
		{E3C534BB-A681-4B86-9E20-19CBAA28634D} = {CE2C88AD-D6DD-4807-8528-14DD1B06DD16}
		{55041FFE-5E02-411E-B6AE-96C88E1D1A97} = {2E153456-A415-4CDD-BEE1-86172968E0B7}
		{72274F86-088B-4BCE-8409-2E381072F418} = {2E153456-A415-4CDD-BEE1-86172968E0B7}
		{20E2C713-A06B-4B5F-8DB7-CD60A153CC4C} = {E3C534BB-A681-4B86-9E20-19CBAA28634D}
		{BB080FA0-B25C-4236-AF1C-7E5BC31CAEC2} = {A6E00F30-288C-4473-B613-ECFED9A6546F}
		{AE2D34DD-B5C1-4DF8-8A36-9B3E744FC308} = {1EEEC9F9-0D54-4C30-BBD0-AEF3A5F34CA3}
		{430CE2EC-8807-4A56-8E26-DD67B5CBA406} = {28A6065A-7EC0-472F-BAD2-27CC358ACFA7}
		{0011E27E-8319-411C-B729-31413F8B5898} = {430CE2EC-8807-4A56-8E26-DD67B5CBA406}
		{B6744293-21CE-4BEA-AF21-9520DCDBC712} = {430CE2EC-8807-4A56-8E26-DD67B5CBA406}
		{F2E9B253-E802-475D-BE60-724EA9894D69} = {430CE2EC-8807-4A56-8E26-DD67B5CBA406}
		{3AE0F9B5-98E5-49C4-BD03-C460D49973F1} = {430CE2EC-8807-4A56-8E26-DD67B5CBA406}
		{42B10174-9169-4A35-9DA6-8D22E8E8209E} = {430CE2EC-8807-4A56-8E26-DD67B5CBA406}
		{1FA86F49-D4CA-4156-B8EE-EF671B3E4962} = {28A6065A-7EC0-472F-BAD2-27CC358ACFA7}
		{53E3638D-AE2F-4999-9C93-3395AD0DCCC7} = {1FA86F49-D4CA-4156-B8EE-EF671B3E4962}
		{9055CE26-5C8A-405F-A198-E88F5ABB1B9D} = {482946FC-8E1D-4FE4-AAA9-75718B8A8506}
		{25F6C740-E912-47EA-BECE-B3271DB57FBB} = {482946FC-8E1D-4FE4-AAA9-75718B8A8506}
		{11E815C9-CED4-4F73-897F-71FA840CD231} = {28A6065A-7EC0-472F-BAD2-27CC358ACFA7}
		{8D3DAECA-992E-40C6-B0D5-08A11A7EFFF7} = {11E815C9-CED4-4F73-897F-71FA840CD231}
		{0A2DF13F-2180-48B6-9BE5-167B15AAC33A} = {91D8D9A2-3C8C-4F43-B92C-9598D5CBA4B8}
		{D18429B5-479D-40EC-B5F1-85B27BA8DB53} = {28A6065A-7EC0-472F-BAD2-27CC358ACFA7}
		{5248DE8F-280A-4D39-A003-74D9CC0C6D30} = {D18429B5-479D-40EC-B5F1-85B27BA8DB53}
		{23ECB3B0-1F40-453C-BF7C-5DAF2345236E} = {28A6065A-7EC0-472F-BAD2-27CC358ACFA7}
		{41949142-ED6F-4E82-8A91-367A75CB8D26} = {23ECB3B0-1F40-453C-BF7C-5DAF2345236E}
		{A42D83A8-7D9A-4478-B75E-EDDA0731F640} = {28A6065A-7EC0-472F-BAD2-27CC358ACFA7}
		{381ECEBD-510D-40E7-8F82-27DB75B8FDF4} = {A42D83A8-7D9A-4478-B75E-EDDA0731F640}
		{3E6B6C5F-B4FA-47B3-A875-90558FE3BCF9} = {28A6065A-7EC0-472F-BAD2-27CC358ACFA7}
		{92C38ACE-2B52-40AD-B3BD-75D802280139} = {3E6B6C5F-B4FA-47B3-A875-90558FE3BCF9}
		{E47C5A88-4E24-4769-9D3F-17BAFED830FE} = {23ECB3B0-1F40-453C-BF7C-5DAF2345236E}
	EndGlobalSection
	GlobalSection(ExtensibilityGlobals) = postSolution
		SolutionGuid = {82E19A7F-4FFD-4D7C-916B-E595AD7783E3}
	EndGlobalSection
EndGlobal
